
Microsoft Visual Studio Solution File, Format Version 12.00
Project("{FAE04EC0-301F-11D3-BF4B-00C04F79EFBC}") = "SimpleBuzzer", "SimpleBuzzer.csproj", "{5950D940-6D57-47AA-8180-B817ECEE1BC5}"
EndProject
Global
	GlobalSection(SolutionConfigurationPlatforms) = preSolution
		Debug|Any CPU = Debug|Any CPU
		Release|Any CPU = Release|Any CPU
	EndGlobalSection
	GlobalSection(ProjectConfigurationPlatforms) = postSolution
		{5950D940-6D57-47AA-8180-B817ECEE1BC5}.Debug|Any CPU.ActiveCfg = Debug|Any CPU
		{5950D940-6D57-47AA-8180-B817ECEE1BC5}.Debug|Any CPU.Build.0 = Debug|Any CPU
		{5950D940-6D57-47AA-8180-B817ECEE1BC5}.Release|Any CPU.ActiveCfg = Release|Any CPU
		{5950D940-6D57-47AA-8180-B817ECEE1BC5}.Release|Any CPU.Build.0 = Release|Any CPU
	EndGlobalSection
EndGlobal
